
Microsoft Visual Studio Solution File, Format Version 12.00
# Visual Studio Version 16
VisualStudioVersion = 16.0.30104.148
MinimumVisualStudioVersion = 10.0.40219.1
Project("{FAE04EC0-301F-11D3-BF4B-00C04F79EFBC}") = "ChitayGorod_project", "ChitayGorod_project\ChitayGorod_project.csproj", "{8E57CE74-67D1-4AB9-9CF2-1426C5CBC741}"
EndProject
Global
	GlobalSection(SolutionConfigurationPlatforms) = preSolution
		Debug|Any CPU = Debug|Any CPU
		Release|Any CPU = Release|Any CPU
	EndGlobalSection
	GlobalSection(ProjectConfigurationPlatforms) = postSolution
		{8E57CE74-67D1-4AB9-9CF2-1426C5CBC741}.Debug|Any CPU.ActiveCfg = Debug|Any CPU
		{8E57CE74-67D1-4AB9-9CF2-1426C5CBC741}.Debug|Any CPU.Build.0 = Debug|Any CPU
		{8E57CE74-67D1-4AB9-9CF2-1426C5CBC741}.Release|Any CPU.ActiveCfg = Release|Any CPU
		{8E57CE74-67D1-4AB9-9CF2-1426C5CBC741}.Release|Any CPU.Build.0 = Release|Any CPU
	EndGlobalSection
	GlobalSection(SolutionProperties) = preSolution
		HideSolutionNode = FALSE
	EndGlobalSection
	GlobalSection(ExtensibilityGlobals) = postSolution
		SolutionGuid = {0D25A86C-2BC4-42F5-B8B2-3D8F26C0463D}
	EndGlobalSection
EndGlobal
